
Microsoft Visual Studio Solution File, Format Version 11.00
# Visual C++ Express 2010
Project("{8BC9CEB8-8B4A-11D0-8D11-00A0C91BC942}") = "V_Write", "V_Write\V_Write.vcxproj", "{2C2552B0-DA44-40C6-84FB-A56CB89DAE8C}"
EndProject
Global
	GlobalSection(SolutionConfigurationPlatforms) = preSolution
		Debug|Win32 = Debug|Win32
		Release|Win32 = Release|Win32
	EndGlobalSection
	GlobalSection(ProjectConfigurationPlatforms) = postSolution
		{2C2552B0-DA44-40C6-84FB-A56CB89DAE8C}.Debug|Win32.ActiveCfg = Debug|Win32
		{2C2552B0-DA44-40C6-84FB-A56CB89DAE8C}.Debug|Win32.Build.0 = Debug|Win32
		{2C2552B0-DA44-40C6-84FB-A56CB89DAE8C}.Release|Win32.ActiveCfg = Release|Win32
		{2C2552B0-DA44-40C6-84FB-A56CB89DAE8C}.Release|Win32.Build.0 = Release|Win32
	EndGlobalSection
	GlobalSection(SolutionProperties) = preSolution
		HideSolutionNode = FALSE
	EndGlobalSection
EndGlobal
